
Microsoft Visual Studio Solution File, Format Version 12.00
# Visual Studio Version 17
VisualStudioVersion = 17.1.32319.34
MinimumVisualStudioVersion = 10.0.40219.1
Project("{FAE04EC0-301F-11D3-BF4B-00C04F79EFBC}") = "ASP.NET_MVC_HomeWork", "ASP.NET_MVC_HomeWork\ASP.NET_MVC_HomeWork.csproj", "{EC3BC1F8-342D-4F85-9EED-AE4C04BC3946}"
EndProject
Project("{2150E333-8FDC-42A3-9474-1A3956D46DE8}") = "HomeWork1", "HomeWork1", "{98E19FFC-6262-4143-8C77-C109B43CEC33}"
EndProject
Global
	GlobalSection(SolutionConfigurationPlatforms) = preSolution
		Debug|Any CPU = Debug|Any CPU
		Release|Any CPU = Release|Any CPU
	EndGlobalSection
	GlobalSection(ProjectConfigurationPlatforms) = postSolution
		{EC3BC1F8-342D-4F85-9EED-AE4C04BC3946}.Debug|Any CPU.ActiveCfg = Debug|Any CPU
		{EC3BC1F8-342D-4F85-9EED-AE4C04BC3946}.Debug|Any CPU.Build.0 = Debug|Any CPU
		{EC3BC1F8-342D-4F85-9EED-AE4C04BC3946}.Release|Any CPU.ActiveCfg = Release|Any CPU
		{EC3BC1F8-342D-4F85-9EED-AE4C04BC3946}.Release|Any CPU.Build.0 = Release|Any CPU
	EndGlobalSection
	GlobalSection(SolutionProperties) = preSolution
		HideSolutionNode = FALSE
	EndGlobalSection
	GlobalSection(ExtensibilityGlobals) = postSolution
		SolutionGuid = {D10C8641-79E9-4620-81C7-FC564C28D01A}
	EndGlobalSection
EndGlobal
