
Microsoft Visual Studio Solution File, Format Version 12.00
# Visual Studio Version 17
VisualStudioVersion = 17.1.32319.34
MinimumVisualStudioVersion = 10.0.40219.1
Project("{2150E333-8FDC-42A3-9474-1A3956D46DE8}") = "HomeWork1", "HomeWork1", "{98E19FFC-6262-4143-8C77-C109B43CEC33}"
EndProject
Project("{9A19103F-16F7-4668-BE54-9A1E7A4F7556}") = "Wpf_Fib", "Wpf_Fib\Wpf_Fib.csproj", "{18E9FA39-2D7F-4599-8EC5-F77DC0CDB9C0}"
EndProject
Project("{2150E333-8FDC-42A3-9474-1A3956D46DE8}") = "HomeWork2", "HomeWork2", "{DB0BFC74-025D-4EBA-839B-BC66F9720040}"
EndProject
Project("{9A19103F-16F7-4668-BE54-9A1E7A4F7556}") = "HW2", "HW2\HW2.csproj", "{DDE8F3B2-E802-4069-AF0D-FCDC5204F837}"
EndProject
Project("{9A19103F-16F7-4668-BE54-9A1E7A4F7556}") = "HW2_1", "HW2_1\HW2_1.csproj", "{DD212EDD-8D8F-495E-9356-041FC92A7FB0}"
EndProject
Project("{2150E333-8FDC-42A3-9474-1A3956D46DE8}") = "HomeWork3", "HomeWork3", "{F255D67E-9738-43F0-AAF5-9F0F777D605B}"
EndProject
Project("{9A19103F-16F7-4668-BE54-9A1E7A4F7556}") = "HW3", "HW3\HW3.csproj", "{1B0E3417-13BA-428B-925E-FD31C8B82BC9}"
EndProject
Project("{2150E333-8FDC-42A3-9474-1A3956D46DE8}") = "HomeWork4", "HomeWork4", "{A6A781B6-8AF0-4CE4-A2E4-4FD2BFB277C0}"
EndProject
Project("{9A19103F-16F7-4668-BE54-9A1E7A4F7556}") = "Students_Adapter", "Students_Adapter\Students_Adapter.csproj", "{2A6BEFC9-3DBF-4375-9822-123826F3315F}"
EndProject
Project("{2150E333-8FDC-42A3-9474-1A3956D46DE8}") = "HomeWork5", "HomeWork5", "{04C251BE-7EAB-4A86-8257-C5412FC52FAE}"
EndProject
Project("{9A19103F-16F7-4668-BE54-9A1E7A4F7556}") = "Scaner", "Scaner\Scaner.csproj", "{56A8734A-81C3-49A7-ADCC-FB865D3434D2}"
EndProject
Project("{2150E333-8FDC-42A3-9474-1A3956D46DE8}") = "HomeWork7", "HomeWork7", "{847C500C-ED4B-47B5-8BBC-57D2EE1449B1}"
EndProject
Project("{2150E333-8FDC-42A3-9474-1A3956D46DE8}") = "HomeWork8", "HomeWork8", "{BDF70B72-B139-4CE1-BD81-96DAD98268F1}"
EndProject
Project("{9A19103F-16F7-4668-BE54-9A1E7A4F7556}") = "Application", "Application\Application.csproj", "{19AFE55E-C40C-4FC9-ABF5-9BB2973EA611}"
EndProject
Project("{9A19103F-16F7-4668-BE54-9A1E7A4F7556}") = "FileManager", "FileManager\FileManager.csproj", "{77104022-FBE4-491B-8E90-78C8C54FDA7C}"
EndProject
Project("{2150E333-8FDC-42A3-9474-1A3956D46DE8}") = "HomeWork9", "HomeWork9", "{78E07E69-958C-4414-A3CF-A577762F5AD0}"
EndProject
Project("{FAE04EC0-301F-11D3-BF4B-00C04F79EFBC}") = "ApplicationSender", "ApplicationSender\ApplicationSender.csproj", "{70CBE219-A4D9-4F35-B375-EC1C23969FE0}"
EndProject
Global
	GlobalSection(SolutionConfigurationPlatforms) = preSolution
		Debug|Any CPU = Debug|Any CPU
		Debug|x64 = Debug|x64
		Release|Any CPU = Release|Any CPU
		Release|x64 = Release|x64
	EndGlobalSection
	GlobalSection(ProjectConfigurationPlatforms) = postSolution
		{18E9FA39-2D7F-4599-8EC5-F77DC0CDB9C0}.Debug|Any CPU.ActiveCfg = Debug|Any CPU
		{18E9FA39-2D7F-4599-8EC5-F77DC0CDB9C0}.Debug|Any CPU.Build.0 = Debug|Any CPU
		{18E9FA39-2D7F-4599-8EC5-F77DC0CDB9C0}.Debug|x64.ActiveCfg = Debug|Any CPU
		{18E9FA39-2D7F-4599-8EC5-F77DC0CDB9C0}.Debug|x64.Build.0 = Debug|Any CPU
		{18E9FA39-2D7F-4599-8EC5-F77DC0CDB9C0}.Release|Any CPU.ActiveCfg = Release|Any CPU
		{18E9FA39-2D7F-4599-8EC5-F77DC0CDB9C0}.Release|Any CPU.Build.0 = Release|Any CPU
		{18E9FA39-2D7F-4599-8EC5-F77DC0CDB9C0}.Release|x64.ActiveCfg = Release|Any CPU
		{18E9FA39-2D7F-4599-8EC5-F77DC0CDB9C0}.Release|x64.Build.0 = Release|Any CPU
		{DDE8F3B2-E802-4069-AF0D-FCDC5204F837}.Debug|Any CPU.ActiveCfg = Debug|Any CPU
		{DDE8F3B2-E802-4069-AF0D-FCDC5204F837}.Debug|Any CPU.Build.0 = Debug|Any CPU
		{DDE8F3B2-E802-4069-AF0D-FCDC5204F837}.Debug|x64.ActiveCfg = Debug|Any CPU
		{DDE8F3B2-E802-4069-AF0D-FCDC5204F837}.Debug|x64.Build.0 = Debug|Any CPU
		{DDE8F3B2-E802-4069-AF0D-FCDC5204F837}.Release|Any CPU.ActiveCfg = Release|Any CPU
		{DDE8F3B2-E802-4069-AF0D-FCDC5204F837}.Release|Any CPU.Build.0 = Release|Any CPU
		{DDE8F3B2-E802-4069-AF0D-FCDC5204F837}.Release|x64.ActiveCfg = Release|Any CPU
		{DDE8F3B2-E802-4069-AF0D-FCDC5204F837}.Release|x64.Build.0 = Release|Any CPU
		{DD212EDD-8D8F-495E-9356-041FC92A7FB0}.Debug|Any CPU.ActiveCfg = Debug|Any CPU
		{DD212EDD-8D8F-495E-9356-041FC92A7FB0}.Debug|Any CPU.Build.0 = Debug|Any CPU
		{DD212EDD-8D8F-495E-9356-041FC92A7FB0}.Debug|x64.ActiveCfg = Debug|Any CPU
		{DD212EDD-8D8F-495E-9356-041FC92A7FB0}.Debug|x64.Build.0 = Debug|Any CPU
		{DD212EDD-8D8F-495E-9356-041FC92A7FB0}.Release|Any CPU.ActiveCfg = Release|Any CPU
		{DD212EDD-8D8F-495E-9356-041FC92A7FB0}.Release|Any CPU.Build.0 = Release|Any CPU
		{DD212EDD-8D8F-495E-9356-041FC92A7FB0}.Release|x64.ActiveCfg = Release|Any CPU
		{DD212EDD-8D8F-495E-9356-041FC92A7FB0}.Release|x64.Build.0 = Release|Any CPU
		{1B0E3417-13BA-428B-925E-FD31C8B82BC9}.Debug|Any CPU.ActiveCfg = Debug|Any CPU
		{1B0E3417-13BA-428B-925E-FD31C8B82BC9}.Debug|Any CPU.Build.0 = Debug|Any CPU
		{1B0E3417-13BA-428B-925E-FD31C8B82BC9}.Debug|x64.ActiveCfg = Debug|Any CPU
		{1B0E3417-13BA-428B-925E-FD31C8B82BC9}.Debug|x64.Build.0 = Debug|Any CPU
		{1B0E3417-13BA-428B-925E-FD31C8B82BC9}.Release|Any CPU.ActiveCfg = Release|Any CPU
		{1B0E3417-13BA-428B-925E-FD31C8B82BC9}.Release|Any CPU.Build.0 = Release|Any CPU
		{1B0E3417-13BA-428B-925E-FD31C8B82BC9}.Release|x64.ActiveCfg = Release|Any CPU
		{1B0E3417-13BA-428B-925E-FD31C8B82BC9}.Release|x64.Build.0 = Release|Any CPU
		{2A6BEFC9-3DBF-4375-9822-123826F3315F}.Debug|Any CPU.ActiveCfg = Debug|Any CPU
		{2A6BEFC9-3DBF-4375-9822-123826F3315F}.Debug|Any CPU.Build.0 = Debug|Any CPU
		{2A6BEFC9-3DBF-4375-9822-123826F3315F}.Debug|x64.ActiveCfg = Debug|Any CPU
		{2A6BEFC9-3DBF-4375-9822-123826F3315F}.Debug|x64.Build.0 = Debug|Any CPU
		{2A6BEFC9-3DBF-4375-9822-123826F3315F}.Release|Any CPU.ActiveCfg = Release|Any CPU
		{2A6BEFC9-3DBF-4375-9822-123826F3315F}.Release|Any CPU.Build.0 = Release|Any CPU
		{2A6BEFC9-3DBF-4375-9822-123826F3315F}.Release|x64.ActiveCfg = Release|Any CPU
		{2A6BEFC9-3DBF-4375-9822-123826F3315F}.Release|x64.Build.0 = Release|Any CPU
		{56A8734A-81C3-49A7-ADCC-FB865D3434D2}.Debug|Any CPU.ActiveCfg = Debug|Any CPU
		{56A8734A-81C3-49A7-ADCC-FB865D3434D2}.Debug|Any CPU.Build.0 = Debug|Any CPU
		{56A8734A-81C3-49A7-ADCC-FB865D3434D2}.Debug|x64.ActiveCfg = Debug|Any CPU
		{56A8734A-81C3-49A7-ADCC-FB865D3434D2}.Debug|x64.Build.0 = Debug|Any CPU
		{56A8734A-81C3-49A7-ADCC-FB865D3434D2}.Release|Any CPU.ActiveCfg = Release|Any CPU
		{56A8734A-81C3-49A7-ADCC-FB865D3434D2}.Release|Any CPU.Build.0 = Release|Any CPU
		{56A8734A-81C3-49A7-ADCC-FB865D3434D2}.Release|x64.ActiveCfg = Release|Any CPU
		{56A8734A-81C3-49A7-ADCC-FB865D3434D2}.Release|x64.Build.0 = Release|Any CPU
		{19AFE55E-C40C-4FC9-ABF5-9BB2973EA611}.Debug|Any CPU.ActiveCfg = Debug|Any CPU
		{19AFE55E-C40C-4FC9-ABF5-9BB2973EA611}.Debug|Any CPU.Build.0 = Debug|Any CPU
		{19AFE55E-C40C-4FC9-ABF5-9BB2973EA611}.Debug|x64.ActiveCfg = Debug|Any CPU
		{19AFE55E-C40C-4FC9-ABF5-9BB2973EA611}.Debug|x64.Build.0 = Debug|Any CPU
		{19AFE55E-C40C-4FC9-ABF5-9BB2973EA611}.Release|Any CPU.ActiveCfg = Release|Any CPU
		{19AFE55E-C40C-4FC9-ABF5-9BB2973EA611}.Release|Any CPU.Build.0 = Release|Any CPU
		{19AFE55E-C40C-4FC9-ABF5-9BB2973EA611}.Release|x64.ActiveCfg = Release|Any CPU
		{19AFE55E-C40C-4FC9-ABF5-9BB2973EA611}.Release|x64.Build.0 = Release|Any CPU
		{77104022-FBE4-491B-8E90-78C8C54FDA7C}.Debug|Any CPU.ActiveCfg = Debug|Any CPU
		{77104022-FBE4-491B-8E90-78C8C54FDA7C}.Debug|Any CPU.Build.0 = Debug|Any CPU
		{77104022-FBE4-491B-8E90-78C8C54FDA7C}.Debug|x64.ActiveCfg = Debug|Any CPU
		{77104022-FBE4-491B-8E90-78C8C54FDA7C}.Debug|x64.Build.0 = Debug|Any CPU
		{77104022-FBE4-491B-8E90-78C8C54FDA7C}.Release|Any CPU.ActiveCfg = Release|Any CPU
		{77104022-FBE4-491B-8E90-78C8C54FDA7C}.Release|Any CPU.Build.0 = Release|Any CPU
		{77104022-FBE4-491B-8E90-78C8C54FDA7C}.Release|x64.ActiveCfg = Release|Any CPU
		{77104022-FBE4-491B-8E90-78C8C54FDA7C}.Release|x64.Build.0 = Release|Any CPU
		{70CBE219-A4D9-4F35-B375-EC1C23969FE0}.Debug|Any CPU.ActiveCfg = Debug|Any CPU
		{70CBE219-A4D9-4F35-B375-EC1C23969FE0}.Debug|Any CPU.Build.0 = Debug|Any CPU
		{70CBE219-A4D9-4F35-B375-EC1C23969FE0}.Debug|x64.ActiveCfg = Debug|Any CPU
		{70CBE219-A4D9-4F35-B375-EC1C23969FE0}.Debug|x64.Build.0 = Debug|Any CPU
		{70CBE219-A4D9-4F35-B375-EC1C23969FE0}.Release|Any CPU.ActiveCfg = Release|Any CPU
		{70CBE219-A4D9-4F35-B375-EC1C23969FE0}.Release|Any CPU.Build.0 = Release|Any CPU
		{70CBE219-A4D9-4F35-B375-EC1C23969FE0}.Release|x64.ActiveCfg = Release|Any CPU
		{70CBE219-A4D9-4F35-B375-EC1C23969FE0}.Release|x64.Build.0 = Release|Any CPU
	EndGlobalSection
	GlobalSection(SolutionProperties) = preSolution
		HideSolutionNode = FALSE
	EndGlobalSection
	GlobalSection(NestedProjects) = preSolution
		{18E9FA39-2D7F-4599-8EC5-F77DC0CDB9C0} = {98E19FFC-6262-4143-8C77-C109B43CEC33}
		{DDE8F3B2-E802-4069-AF0D-FCDC5204F837} = {DB0BFC74-025D-4EBA-839B-BC66F9720040}
		{DD212EDD-8D8F-495E-9356-041FC92A7FB0} = {DB0BFC74-025D-4EBA-839B-BC66F9720040}
		{1B0E3417-13BA-428B-925E-FD31C8B82BC9} = {F255D67E-9738-43F0-AAF5-9F0F777D605B}
		{2A6BEFC9-3DBF-4375-9822-123826F3315F} = {A6A781B6-8AF0-4CE4-A2E4-4FD2BFB277C0}
		{56A8734A-81C3-49A7-ADCC-FB865D3434D2} = {04C251BE-7EAB-4A86-8257-C5412FC52FAE}
		{19AFE55E-C40C-4FC9-ABF5-9BB2973EA611} = {BDF70B72-B139-4CE1-BD81-96DAD98268F1}
		{77104022-FBE4-491B-8E90-78C8C54FDA7C} = {847C500C-ED4B-47B5-8BBC-57D2EE1449B1}
		{70CBE219-A4D9-4F35-B375-EC1C23969FE0} = {78E07E69-958C-4414-A3CF-A577762F5AD0}
	EndGlobalSection
	GlobalSection(ExtensibilityGlobals) = postSolution
		SolutionGuid = {D10C8641-79E9-4620-81C7-FC564C28D01A}
	EndGlobalSection
EndGlobal
